
Microsoft Visual Studio Solution File, Format Version 12.00
# Visual Studio Version 16
VisualStudioVersion = 16.0.29613.14
MinimumVisualStudioVersion = 10.0.40219.1
Project("{FAE04EC0-301F-11D3-BF4B-00C04F79EFBC}") = "ConfiguradorRecuerdos", "ConfiguradorRecuerdos\ConfiguradorRecuerdos.csproj", "{B2CC08D6-D3EA-48D0-A01D-B57265ED1364}"
EndProject
Global
	GlobalSection(SolutionConfigurationPlatforms) = preSolution
		Debug|Any CPU = Debug|Any CPU
		Release|Any CPU = Release|Any CPU
	EndGlobalSection
	GlobalSection(ProjectConfigurationPlatforms) = postSolution
		{B2CC08D6-D3EA-48D0-A01D-B57265ED1364}.Debug|Any CPU.ActiveCfg = Debug|Any CPU
		{B2CC08D6-D3EA-48D0-A01D-B57265ED1364}.Debug|Any CPU.Build.0 = Debug|Any CPU
		{B2CC08D6-D3EA-48D0-A01D-B57265ED1364}.Release|Any CPU.ActiveCfg = Release|Any CPU
		{B2CC08D6-D3EA-48D0-A01D-B57265ED1364}.Release|Any CPU.Build.0 = Release|Any CPU
	EndGlobalSection
	GlobalSection(SolutionProperties) = preSolution
		HideSolutionNode = FALSE
	EndGlobalSection
	GlobalSection(ExtensibilityGlobals) = postSolution
		SolutionGuid = {B0CEC72E-0620-4D82-9306-30E99A922A85}
	EndGlobalSection
EndGlobal
